PODS:
  - Onfido (10.4.0)
  - Onfido-Release (10.4.0)

DEPENDENCIES:
  - Onfido (= 10.4.0)
  - Onfido-Release (= 10.4.0)

SPEC REPOS:
  https://github.com/cocoapods/specs.git:
    - Onfido
    - Onfido-Release

SPEC CHECKSUMS:
  Onfido: 941911150670d74ece933add0acbc074a64a67fd
  Onfido-Release: c7d4a96c72d368f53ef61c62ae92e6118da54f25

PODFILE CHECKSUM: 7cffb49712639b8c34706b287231f39ec76a51fe

COCOAPODS: 1.5.3
